
Microsoft Visual Studio Solution File, Format Version 12.00
# Visual Studio Version 17
VisualStudioVersion = 17.11.35222.181
MinimumVisualStudioVersion = 10.0.40219.1
Project("{FAE04EC0-301F-11D3-BF4B-00C04F79EFBC}") = "Task1", "Repository1\Task1.csproj", "{F02E71C5-0670-4C53-B6F8-3AA68E1D991F}"
EndProject
Project("{FAE04EC0-301F-11D3-BF4B-00C04F79EFBC}") = "Task2", "2\Task2.csproj", "{6C8B29A5-71FE-4E1D-8845-1EFF5C278376}"
EndProject
Project("{FAE04EC0-301F-11D3-BF4B-00C04F79EFBC}") = "Task3", "c3\Task3.csproj", "{CED316B7-E836-43AB-864D-EFB3CE414727}"
EndProject
Project("{FAE04EC0-301F-11D3-BF4B-00C04F79EFBC}") = "Task4", "Task4\Task4.csproj", "{90C2976E-A3DE-4CAA-9238-6BD926EA972C}"
EndProject
Project("{FAE04EC0-301F-11D3-BF4B-00C04F79EFBC}") = "Task5", "Task5\Task5.csproj", "{04FB00AB-1FD2-4DE9-98AB-9306FFC68459}"
EndProject
Project("{FAE04EC0-301F-11D3-BF4B-00C04F79EFBC}") = "Task6", "Task6\Task6.csproj", "{9D7B7ACE-2633-4617-9311-14A4750FAE6D}"
EndProject
Project("{FAE04EC0-301F-11D3-BF4B-00C04F79EFBC}") = "Task7", "Task7\Task7.csproj", "{26E8B38F-AF75-4AB1-9B88-72977903B8C6}"
EndProject
Project("{FAE04EC0-301F-11D3-BF4B-00C04F79EFBC}") = "Task8", "Task8\Task8.csproj", "{5D758B14-296E-4B28-869E-4E624AC03BDC}"
EndProject
Project("{FAE04EC0-301F-11D3-BF4B-00C04F79EFBC}") = "Task9", "Task9\Task9.csproj", "{95C89971-C08D-4785-B2EB-596B402ACBB9}"
EndProject
Project("{FAE04EC0-301F-11D3-BF4B-00C04F79EFBC}") = "Task10", "Task10\Task10.csproj", "{0381AB55-3D9D-4176-8A1A-F772150A69B8}"
EndProject
Project("{FAE04EC0-301F-11D3-BF4B-00C04F79EFBC}") = "Task11", "Task11\Task11.csproj", "{39FB9047-5E1A-4F9E-A485-A345963928EB}"
EndProject
Project("{FAE04EC0-301F-11D3-BF4B-00C04F79EFBC}") = "Task12", "Task12\Task12.csproj", "{0526C3ED-4700-4CD1-8B7E-259BE55DC26D}"
EndProject
Project("{FAE04EC0-301F-11D3-BF4B-00C04F79EFBC}") = "Task13", "Task13\Task13.csproj", "{732B2810-9454-4E46-B65C-EBE6E47BCEEB}"
EndProject
Global
	GlobalSection(SolutionConfigurationPlatforms) = preSolution
		Debug|Any CPU = Debug|Any CPU
		Release|Any CPU = Release|Any CPU
	EndGlobalSection
	GlobalSection(ProjectConfigurationPlatforms) = postSolution
		{F02E71C5-0670-4C53-B6F8-3AA68E1D991F}.Debug|Any CPU.ActiveCfg = Debug|Any CPU
		{F02E71C5-0670-4C53-B6F8-3AA68E1D991F}.Debug|Any CPU.Build.0 = Debug|Any CPU
		{F02E71C5-0670-4C53-B6F8-3AA68E1D991F}.Release|Any CPU.ActiveCfg = Release|Any CPU
		{F02E71C5-0670-4C53-B6F8-3AA68E1D991F}.Release|Any CPU.Build.0 = Release|Any CPU
		{6C8B29A5-71FE-4E1D-8845-1EFF5C278376}.Debug|Any CPU.ActiveCfg = Debug|Any CPU
		{6C8B29A5-71FE-4E1D-8845-1EFF5C278376}.Debug|Any CPU.Build.0 = Debug|Any CPU
		{6C8B29A5-71FE-4E1D-8845-1EFF5C278376}.Release|Any CPU.ActiveCfg = Release|Any CPU
		{6C8B29A5-71FE-4E1D-8845-1EFF5C278376}.Release|Any CPU.Build.0 = Release|Any CPU
		{CED316B7-E836-43AB-864D-EFB3CE414727}.Debug|Any CPU.ActiveCfg = Debug|Any CPU
		{CED316B7-E836-43AB-864D-EFB3CE414727}.Debug|Any CPU.Build.0 = Debug|Any CPU
		{CED316B7-E836-43AB-864D-EFB3CE414727}.Release|Any CPU.ActiveCfg = Release|Any CPU
		{CED316B7-E836-43AB-864D-EFB3CE414727}.Release|Any CPU.Build.0 = Release|Any CPU
		{90C2976E-A3DE-4CAA-9238-6BD926EA972C}.Debug|Any CPU.ActiveCfg = Debug|Any CPU
		{90C2976E-A3DE-4CAA-9238-6BD926EA972C}.Debug|Any CPU.Build.0 = Debug|Any CPU
		{90C2976E-A3DE-4CAA-9238-6BD926EA972C}.Release|Any CPU.ActiveCfg = Release|Any CPU
		{90C2976E-A3DE-4CAA-9238-6BD926EA972C}.Release|Any CPU.Build.0 = Release|Any CPU
		{04FB00AB-1FD2-4DE9-98AB-9306FFC68459}.Debug|Any CPU.ActiveCfg = Debug|Any CPU
		{04FB00AB-1FD2-4DE9-98AB-9306FFC68459}.Debug|Any CPU.Build.0 = Debug|Any CPU
		{04FB00AB-1FD2-4DE9-98AB-9306FFC68459}.Release|Any CPU.ActiveCfg = Release|Any CPU
		{04FB00AB-1FD2-4DE9-98AB-9306FFC68459}.Release|Any CPU.Build.0 = Release|Any CPU
		{9D7B7ACE-2633-4617-9311-14A4750FAE6D}.Debug|Any CPU.ActiveCfg = Debug|Any CPU
		{9D7B7ACE-2633-4617-9311-14A4750FAE6D}.Debug|Any CPU.Build.0 = Debug|Any CPU
		{9D7B7ACE-2633-4617-9311-14A4750FAE6D}.Release|Any CPU.ActiveCfg = Release|Any CPU
		{9D7B7ACE-2633-4617-9311-14A4750FAE6D}.Release|Any CPU.Build.0 = Release|Any CPU
		{26E8B38F-AF75-4AB1-9B88-72977903B8C6}.Debug|Any CPU.ActiveCfg = Debug|Any CPU
		{26E8B38F-AF75-4AB1-9B88-72977903B8C6}.Debug|Any CPU.Build.0 = Debug|Any CPU
		{26E8B38F-AF75-4AB1-9B88-72977903B8C6}.Release|Any CPU.ActiveCfg = Release|Any CPU
		{26E8B38F-AF75-4AB1-9B88-72977903B8C6}.Release|Any CPU.Build.0 = Release|Any CPU
		{5D758B14-296E-4B28-869E-4E624AC03BDC}.Debug|Any CPU.ActiveCfg = Debug|Any CPU
		{5D758B14-296E-4B28-869E-4E624AC03BDC}.Debug|Any CPU.Build.0 = Debug|Any CPU
		{5D758B14-296E-4B28-869E-4E624AC03BDC}.Release|Any CPU.ActiveCfg = Release|Any CPU
		{5D758B14-296E-4B28-869E-4E624AC03BDC}.Release|Any CPU.Build.0 = Release|Any CPU
		{95C89971-C08D-4785-B2EB-596B402ACBB9}.Debug|Any CPU.ActiveCfg = Debug|Any CPU
		{95C89971-C08D-4785-B2EB-596B402ACBB9}.Debug|Any CPU.Build.0 = Debug|Any CPU
		{95C89971-C08D-4785-B2EB-596B402ACBB9}.Release|Any CPU.ActiveCfg = Release|Any CPU
		{95C89971-C08D-4785-B2EB-596B402ACBB9}.Release|Any CPU.Build.0 = Release|Any CPU
		{0381AB55-3D9D-4176-8A1A-F772150A69B8}.Debug|Any CPU.ActiveCfg = Debug|Any CPU
		{0381AB55-3D9D-4176-8A1A-F772150A69B8}.Debug|Any CPU.Build.0 = Debug|Any CPU
		{0381AB55-3D9D-4176-8A1A-F772150A69B8}.Release|Any CPU.ActiveCfg = Release|Any CPU
		{0381AB55-3D9D-4176-8A1A-F772150A69B8}.Release|Any CPU.Build.0 = Release|Any CPU
		{39FB9047-5E1A-4F9E-A485-A345963928EB}.Debug|Any CPU.ActiveCfg = Debug|Any CPU
		{39FB9047-5E1A-4F9E-A485-A345963928EB}.Debug|Any CPU.Build.0 = Debug|Any CPU
		{39FB9047-5E1A-4F9E-A485-A345963928EB}.Release|Any CPU.ActiveCfg = Release|Any CPU
		{39FB9047-5E1A-4F9E-A485-A345963928EB}.Release|Any CPU.Build.0 = Release|Any CPU
		{0526C3ED-4700-4CD1-8B7E-259BE55DC26D}.Debug|Any CPU.ActiveCfg = Debug|Any CPU
		{0526C3ED-4700-4CD1-8B7E-259BE55DC26D}.Debug|Any CPU.Build.0 = Debug|Any CPU
		{0526C3ED-4700-4CD1-8B7E-259BE55DC26D}.Release|Any CPU.ActiveCfg = Release|Any CPU
		{0526C3ED-4700-4CD1-8B7E-259BE55DC26D}.Release|Any CPU.Build.0 = Release|Any CPU
		{732B2810-9454-4E46-B65C-EBE6E47BCEEB}.Debug|Any CPU.ActiveCfg = Debug|Any CPU
		{732B2810-9454-4E46-B65C-EBE6E47BCEEB}.Debug|Any CPU.Build.0 = Debug|Any CPU
		{732B2810-9454-4E46-B65C-EBE6E47BCEEB}.Release|Any CPU.ActiveCfg = Release|Any CPU
		{732B2810-9454-4E46-B65C-EBE6E47BCEEB}.Release|Any CPU.Build.0 = Release|Any CPU
	EndGlobalSection
	GlobalSection(SolutionProperties) = preSolution
		HideSolutionNode = FALSE
	EndGlobalSection
	GlobalSection(ExtensibilityGlobals) = postSolution
		SolutionGuid = {8EBA33C0-C7D0-4BA0-BFA6-FE4B90493E20}
	EndGlobalSection
EndGlobal
